# THIS IS AN AUTOGENERATED FILE. DO NOT EDIT THIS FILE DIRECTLY.
# yarn lockfile v1


autoprefixer@^10.0.0:
  version "10.6.1"
  resolved "https://registry.yarnpkg.com/autoprefixer/-/autoprefixer-10.6.1.tgz#437cea1a0b96cedc4065c05327b728b1594faf27"
  integrity sha512-cL1Qz6ADZhcEbny/8HPfe99J6HhNoYtpX2LFLIbhgGE7Q1hlQVkYFdetDN7Id3KiQxhDrHwzlHr/YQCnZ8+xSA==
  dependencies:
    browserslist "^4.28.9"
    caniuse-lite "^1.0.30001810"
    fraction.js "^5.3.4"
    picocolors "^1.1.1"
    postcss-value-parser "^4.2.0"

baseline-browser-mapping@^2.11.23:
  version "2.11.24"
  resolved "https://registry.yarnpkg.com/baseline-browser-mapping/-/baseline-browser-mapping-2.11.24.tgz#3dd9518c97d4003f4f131645d116664e2dd37aea"
  integrity sha512-hYrgxie335U08WqICoGqKRzV1HFXv6zdxwJE4ekCb80CM9a0SVVsN4QPwT67RraRo+9h8IATk6uxHJw7QSkdOg==

browserslist@^4.28.9:
  version "4.29.0"
  resolved "https://registry.yarnpkg.com/browserslist/-/browserslist-4.29.0.tgz#e50e72c30c4b5f7ec894c09feb6ed525167f5344"
  integrity sha512-3GSvyjvDI4Dur1Meg2BekJquu5uF+9R9a1+5M1Mde192eZoXbeXjzgOsgqPS2V8D5wrrip0gR5Hf/GhWQ9ZzaA==
  dependencies:
    baseline-browser-mapping "^2.11.23"
    caniuse-lite "^1.0.30001810"
    electron-to-chromium "^1.5.427"
    node-releases "^2.0.55"
    update-browserslist-db "^1.3.3"

caniuse-lite@^1.0.30001810:
  version "1.0.30001810"
  resolved "https://registry.yarnpkg.com/caniuse-lite/-/caniuse-lite-1.0.30001810.tgz#4970b477dea3278374de9bc43aa8f5d39fc3cda2"
  integrity sha512-TITQPUkaz+aVk5GL6NhOdwk1aEaNTSDPsGFWrTuhKGtjTF70jL/Oht2W4c6rXUe5fu7Ie19VIahAXHIIiWWNeg==

electron-to-chromium@^1.5.427:
  version "1.5.429"
  resolved "https://registry.yarnpkg.com/electron-to-chromium/-/electron-to-chromium-1.5.429.tgz#1f9bf3eea3c99942dd86d66e121e8b864c26f01e"
  integrity sha512-/1ENIE3cx4HTIx4IfPZFaOunJmsrSVTnj6coXoRVbiJUbkeTyFkJvBeWGkdgh08OhFbxYLMT1kbkwFVSarq6Ow==

escalade@^3.2.0:
  version "3.2.0"
  resolved "https://registry.yarnpkg.com/escalade/-/escalade-3.2.0.tgz#011a3f69856ba189dffa7dc8fcce99d2a87903e5"
  integrity sha512-WUj2qlxaQtO4g6Pq5c29GTcWGDyd8itL8zTlipgECz3JesAiiOKotd8JU6otB3PACgG6xkJUyVhboMS+bje/jA==

fraction.js@^5.3.4:
  version "5.3.4"
  resolved "https://registry.yarnpkg.com/fraction.js/-/fraction.js-5.3.4.tgz#8c0fcc6a9908262df4ed197427bdeef563e0699a"
  integrity sha512-1X1NTtiJphryn/uLQz3whtY6jK3fTqoE3ohKs0tT+Ujr1W59oopxmoEh7Lu5p6vBaPbgoM0bzveAW4Qi5RyWDQ==

node-releases@^2.0.55:
  version "2.0.55"
  resolved "https://registry.yarnpkg.com/node-releases/-/node-releases-2.0.55.tgz#c52faedb68001dcfe77495b5ed1ac5827a1788fc"
  integrity sha512-mIrE/Cw9y+9Au6dS5vDKDhQza9YvG6w+ZrS6X+ZzA7yFW/soAeaups4Qzn1bL6g5FVy8WtP79+0j82oPIbqRjQ==

picocolors@^1.1.1:
  version "1.1.1"
  resolved "https://registry.yarnpkg.com/picocolors/-/picocolors-1.1.1.tgz#3d321af3eab939b083c8f929a1d12cda81c26b6b"
  integrity sha512-xceH2snhtb5M9liqDsmEw56le376mTZkEX/jEb/RxNFyegNul7eNslCXP9FDj/Lcu0X8KEyMceP2ntpaHrDEVA==

postcss-value-parser@^4.2.0:
  version "4.2.0"
  resolved "https://registry.yarnpkg.com/postcss-value-parser/-/postcss-value-parser-4.2.0.tgz#723c09920836ba6d3e5af019f92bc0971c02e514"
  integrity sha512-1NNCs6uurfkVbeXG4S8JFT9t19m45ICnif8zWLd5oPSZ50QnwMfK+H3jv408d4jw/7Bttv5axS5IiHoLaVNHeQ==

tailwindcss@^4.0.0:
  version "4.3.3"
  resolved "https://registry.yarnpkg.com/tailwindcss/-/tailwindcss-4.3.3.tgz#c006861611c213c1877893ab5b23daa16be2bb55"
  integrity sha512-gOhV3P7ufE62QDGg1zVaTgCR+EtPv92k2nIhVcVKcLmxT1sUBsQGhnZj175j+MqRt4zLF7ic+sCYjfhxMxj7YQ==

update-browserslist-db@^1.3.3:
  version "1.3.3"
  resolved "https://registry.yarnpkg.com/update-browserslist-db/-/update-browserslist-db-1.3.3.tgz#197e21fb2561fa89f8b94fad605a2b296a18993a"
  integrity sha512-pJ2sYawQS0R/WI928Gj5GlPhTGzbMelq0+4INtSYNDV9ErKJcX6xjGWkoG/VnB3dpUm00zALaqkrUD77pO5TDQ==
  dependencies:
    escalade "^3.2.0"
    picocolors "^1.1.1"
